
Microsoft Visual Studio Solution File, Format Version 12.00
# Visual Studio 2015
Project("{FAE04EC0-301F-11D3-BF4B-00C04F79EFBC}") = "Turret Defender.CSharp.Plugins", "Turret Defender.CSharp.Plugins.csproj", "{3FF0BA62-CBD9-4D3E-8C72-0966F7E82C41}"
EndProject
Project("{FAE04EC0-301F-11D3-BF4B-00C04F79EFBC}") = "Turret Defender.CSharp", "Turret Defender.CSharp.csproj", "{54BA0892-A111-D742-85DB-F84C63E31027}"
EndProject
Project("{FAE04EC0-301F-11D3-BF4B-00C04F79EFBC}") = "Turret Defender.CSharp.Editor", "Turret Defender.CSharp.Editor.csproj", "{4686A8BF-BBF4-133F-FCC4-B808D905C1D5}"
EndProject
Global
	GlobalSection(SolutionConfigurationPlatforms) = preSolution
		Debug|Any CPU = Debug|Any CPU
		Release|Any CPU = Release|Any CPU
	EndGlobalSection
	GlobalSection(ProjectConfigurationPlatforms) = postSolution
		{3FF0BA62-CBD9-4D3E-8C72-0966F7E82C41}.Debug|Any CPU.ActiveCfg = Debug|Any CPU
		{3FF0BA62-CBD9-4D3E-8C72-0966F7E82C41}.Debug|Any CPU.Build.0 = Debug|Any CPU
		{3FF0BA62-CBD9-4D3E-8C72-0966F7E82C41}.Release|Any CPU.ActiveCfg = Release|Any CPU
		{3FF0BA62-CBD9-4D3E-8C72-0966F7E82C41}.Release|Any CPU.Build.0 = Release|Any CPU
		{54BA0892-A111-D742-85DB-F84C63E31027}.Debug|Any CPU.ActiveCfg = Debug|Any CPU
		{54BA0892-A111-D742-85DB-F84C63E31027}.Debug|Any CPU.Build.0 = Debug|Any CPU
		{54BA0892-A111-D742-85DB-F84C63E31027}.Release|Any CPU.ActiveCfg = Release|Any CPU
		{54BA0892-A111-D742-85DB-F84C63E31027}.Release|Any CPU.Build.0 = Release|Any CPU
		{4686A8BF-BBF4-133F-FCC4-B808D905C1D5}.Debug|Any CPU.ActiveCfg = Debug|Any CPU
		{4686A8BF-BBF4-133F-FCC4-B808D905C1D5}.Debug|Any CPU.Build.0 = Debug|Any CPU
		{4686A8BF-BBF4-133F-FCC4-B808D905C1D5}.Release|Any CPU.ActiveCfg = Release|Any CPU
		{4686A8BF-BBF4-133F-FCC4-B808D905C1D5}.Release|Any CPU.Build.0 = Release|Any CPU
	EndGlobalSection
	GlobalSection(SolutionProperties) = preSolution
		HideSolutionNode = FALSE
	EndGlobalSection
EndGlobal
